
Microsoft Visual Studio Solution File, Format Version 12.00
# Visual Studio Version 17
VisualStudioVersion = 17.11.35222.181
MinimumVisualStudioVersion = 10.0.40219.1
Project("{FAE04EC0-301F-11D3-BF4B-00C04F79EFBC}") = "InventarioTienda", "InventarioTienda\InventarioTienda.csproj", "{5105882A-B673-479B-B194-F4F66856686B}"
EndProject
Global
	GlobalSection(SolutionConfigurationPlatforms) = preSolution
		Debug|Any CPU = Debug|Any CPU
		Release|Any CPU = Release|Any CPU
	EndGlobalSection
	GlobalSection(ProjectConfigurationPlatforms) = postSolution
		{5105882A-B673-479B-B194-F4F66856686B}.Debug|Any CPU.ActiveCfg = Debug|Any CPU
		{5105882A-B673-479B-B194-F4F66856686B}.Debug|Any CPU.Build.0 = Debug|Any CPU
		{5105882A-B673-479B-B194-F4F66856686B}.Release|Any CPU.ActiveCfg = Release|Any CPU
		{5105882A-B673-479B-B194-F4F66856686B}.Release|Any CPU.Build.0 = Release|Any CPU
	EndGlobalSection
	GlobalSection(SolutionProperties) = preSolution
		HideSolutionNode = FALSE
	EndGlobalSection
	GlobalSection(ExtensibilityGlobals) = postSolution
		SolutionGuid = {B3B8E336-032C-4216-ACBA-6CA0C3053FA6}
	EndGlobalSection
EndGlobal
